{
  "requires": true,
  "lockfileVersion": 1,
  "dependencies": {
    "bullet-penguin": {
      "version": "1.1.3",
      "resolved": "https://registry.npmjs.org/bullet-penguin/-/bullet-penguin-1.1.3.tgz",
      "integrity": "sha512-vgFnXb8PMCqJfV5ZH+mp9B5xGDUBaD+H5ciL5PZxuxcKMw58mGAeK3s4NGZqc6CV3xnu3/ZWB8JQnd2j8+Xi4w==",
      "requires": {
        "bullettool": "^3.1.4"
      }
    },
    "bullettool": {
      "version": "3.1.4",
      "resolved": "https://registry.npmjs.org/bullettool/-/bullettool-3.1.4.tgz",
      "integrity": "sha512-6OzvWj6LaheUq2DVatgq0sHTLuI1G6Rtczp2alXV4jxF4AqT12DlYlIxNqWXXUhvDeIa/eDmfgFGVNH9GBa44A=="
    }
  }
}
